
Microsoft Visual Studio Solution File, Format Version 12.00
# Visual Studio Version 17
VisualStudioVersion = 17.9.34701.34
MinimumVisualStudioVersion = 10.0.40219.1
Project("{FAE04EC0-301F-11D3-BF4B-00C04F79EFBC}") = "study-project", "study-project.csproj", "{901A8028-08D3-45D3-8F1A-468DF9325319}"
EndProject
Global
	GlobalSection(SolutionConfigurationPlatforms) = preSolution
		Debug|Any CPU = Debug|Any CPU
		Release|Any CPU = Release|Any CPU
	EndGlobalSection
	GlobalSection(ProjectConfigurationPlatforms) = postSolution
		{901A8028-08D3-45D3-8F1A-468DF9325319}.Debug|Any CPU.ActiveCfg = Debug|Any CPU
		{901A8028-08D3-45D3-8F1A-468DF9325319}.Debug|Any CPU.Build.0 = Debug|Any CPU
		{901A8028-08D3-45D3-8F1A-468DF9325319}.Release|Any CPU.ActiveCfg = Release|Any CPU
		{901A8028-08D3-45D3-8F1A-468DF9325319}.Release|Any CPU.Build.0 = Release|Any CPU
	EndGlobalSection
	GlobalSection(SolutionProperties) = preSolution
		HideSolutionNode = FALSE
	EndGlobalSection
	GlobalSection(ExtensibilityGlobals) = postSolution
		SolutionGuid = {22908992-E7AF-4D41-92F9-EAFB2162FD1E}
	EndGlobalSection
EndGlobal
